
Microsoft Visual Studio Solution File, Format Version 12.00
# Visual Studio Version 17
VisualStudioVersion = 17.7.34018.315
MinimumVisualStudioVersion = 10.0.40219.1
Project("{FAE04EC0-301F-11D3-BF4B-00C04F79EFBC}") = "Mus and Pic", "Mus and Pic\Mus and Pic.csproj", "{897BED90-BC99-4D55-A2F9-AD28A4653550}"
EndProject
Global
	GlobalSection(SolutionConfigurationPlatforms) = preSolution
		Debug|Any CPU = Debug|Any CPU
		Release|Any CPU = Release|Any CPU
	EndGlobalSection
	GlobalSection(ProjectConfigurationPlatforms) = postSolution
		{897BED90-BC99-4D55-A2F9-AD28A4653550}.Debug|Any CPU.ActiveCfg = Debug|Any CPU
		{897BED90-BC99-4D55-A2F9-AD28A4653550}.Debug|Any CPU.Build.0 = Debug|Any CPU
		{897BED90-BC99-4D55-A2F9-AD28A4653550}.Release|Any CPU.ActiveCfg = Release|Any CPU
		{897BED90-BC99-4D55-A2F9-AD28A4653550}.Release|Any CPU.Build.0 = Release|Any CPU
	EndGlobalSection
	GlobalSection(SolutionProperties) = preSolution
		HideSolutionNode = FALSE
	EndGlobalSection
	GlobalSection(ExtensibilityGlobals) = postSolution
		SolutionGuid = {569CE002-A71F-4AE5-AAAA-855E745959B0}
	EndGlobalSection
EndGlobal
